
Microsoft Visual Studio Solution File, Format Version 12.00
# Visual Studio Version 16
VisualStudioVersion = 16.0.29215.179
MinimumVisualStudioVersion = 10.0.40219.1
Project("{9A19103F-16F7-4668-BE54-9A1E7A4F7556}") = "Acronym", "Acronym.csproj", "{09775433-6A5A-4B79-9B09-3C677C7A10C0}"
EndProject
Global
	GlobalSection(SolutionConfigurationPlatforms) = preSolution
		Debug|Any CPU = Debug|Any CPU
		Release|Any CPU = Release|Any CPU
	EndGlobalSection
	GlobalSection(ProjectConfigurationPlatforms) = postSolution
		{09775433-6A5A-4B79-9B09-3C677C7A10C0}.Debug|Any CPU.ActiveCfg = Debug|Any CPU
		{09775433-6A5A-4B79-9B09-3C677C7A10C0}.Debug|Any CPU.Build.0 = Debug|Any CPU
		{09775433-6A5A-4B79-9B09-3C677C7A10C0}.Release|Any CPU.ActiveCfg = Release|Any CPU
		{09775433-6A5A-4B79-9B09-3C677C7A10C0}.Release|Any CPU.Build.0 = Release|Any CPU
	EndGlobalSection
	GlobalSection(SolutionProperties) = preSolution
		HideSolutionNode = FALSE
	EndGlobalSection
	GlobalSection(ExtensibilityGlobals) = postSolution
		SolutionGuid = {E2F860F1-A30A-4511-883B-CCE6A339CACA}
	EndGlobalSection
EndGlobal
